// !$*UTF8*$!
{
	archiveVersion = 1;
	classes = {
	};
	objectVersion = 45;
	objects = {

/* Begin PBXBuildFile section */
		1DDD58160DA1D0A300B32029 /* MainMenu.xib in Resources */ = {isa = PBXBuildFile; fileRef = 1DDD58140DA1D0A300B32029 /* MainMenu.xib */; };
		256AC3DA0F4B6AC300CF3369 /* CorToolAppDelegate.m in Sources */ = {isa = PBXBuildFile; fileRef = 256AC3D90F4B6AC300CF3369 /* CorToolAppDelegate.m */; };
		821530E41145D2A3002A43FC /* AppIcon.icns in Resources */ = {isa = PBXBuildFile; fileRef = 821530E31145D2A3002A43FC /* AppIcon.icns */; };
		821530E81145D38C002A43FC /* Add.tiff in Resources */ = {isa = PBXBuildFile; fileRef = 821530E71145D38C002A43FC /* Add.tiff */; };
		821530EA1145D392002A43FC /* Remove.tiff in Resources */ = {isa = PBXBuildFile; fileRef = 821530E91145D392002A43FC /* Remove.tiff */; };
		821530EC1145D397002A43FC /* reload.tiff in Resources */ = {isa = PBXBuildFile; fileRef = 821530EB1145D397002A43FC /* reload.tiff */; };
		821530EE1145D39F002A43FC /* Spotlight.tiff in Resources */ = {isa = PBXBuildFile; fileRef = 821530ED1145D39F002A43FC /* Spotlight.tiff */; };
		821530F01145D40E002A43FC /* Sparkle.framework in Frameworks */ = {isa = PBXBuildFile; fileRef = 821530EF1145D40E002A43FC /* Sparkle.framework */; };
		821530FB1145D426002A43FC /* Sparkle.framework in CopyFiles */ = {isa = PBXBuildFile; fileRef = 821530EF1145D40E002A43FC /* Sparkle.framework */; };
		821530FE1145D4F0002A43FC /* noicon.png in Resources */ = {isa = PBXBuildFile; fileRef = 821530FD1145D4F0002A43FC /* noicon.png */; };
		821531151145D822002A43FC /* CorController.m in Sources */ = {isa = PBXBuildFile; fileRef = 821531141145D822002A43FC /* CorController.m */; };
		821531211145D8FB002A43FC /* CorDirectory.m in Sources */ = {isa = PBXBuildFile; fileRef = 821531201145D8FB002A43FC /* CorDirectory.m */; };
		8215319E1145F932002A43FC /* CorModScanner.m in Sources */ = {isa = PBXBuildFile; fileRef = 8215319D1145F932002A43FC /* CorModScanner.m */; };
		821531A31145F93C002A43FC /* CorModMover.m in Sources */ = {isa = PBXBuildFile; fileRef = 821531A21145F93C002A43FC /* CorModMover.m */; };
		828F994B114ADB2400E86B66 /* dsa_pub.pem in Resources */ = {isa = PBXBuildFile; fileRef = 828F994A114ADB2400E86B66 /* dsa_pub.pem */; };
		8D11072B0486CEB800E47090 /* InfoPlist.strings in Resources */ = {isa = PBXBuildFile; fileRef = 089C165CFE840E0CC02AAC07 /* InfoPlist.strings */; };
		8D11072D0486CEB800E47090 /* main.m in Sources */ = {isa = PBXBuildFile; fileRef = 29B97316FDCFA39411CA2CEA /* main.m */; settings = {ATTRIBUTES = (); }; };
		8D11072F0486CEB800E47090 /* Cocoa.framework in Frameworks */ = {isa = PBXBuildFile; fileRef = 1058C7A1FEA54F0111CA2CBB /* Cocoa.framework */; };
/* End PBXBuildFile section */

/* Begin PBXCopyFilesBuildPhase section */
		821530FC1145D444002A43FC /* CopyFiles */ = {
			isa = PBXCopyFilesBuildPhase;
			buildActionMask = 2147483647;
			dstPath = "";
			dstSubfolderSpec = 10;
			files = (
				821530FB1145D426002A43FC /* Sparkle.framework in CopyFiles */,
			);
			runOnlyForDeploymentPostprocessing = 0;
		};
/* End PBXCopyFilesBuildPhase section */

/* Begin PBXFileReference section */
		089C165DFE840E0CC02AAC07 /* English */ = {isa = PBXFileReference; fileEncoding = 4; lastKnownFileType = text.plist.strings; name = English; path = English.lproj/InfoPlist.strings; sourceTree = "<group>"; };
		1058C7A1FEA54F0111CA2CBB /* Cocoa.framework */ = {isa = PBXFileReference; lastKnownFileType = wrapper.framework; name = Cocoa.framework; path = /System/Library/Frameworks/Cocoa.framework; sourceTree = "<absolute>"; };
		13E42FB307B3F0F600E4EEF1 /* CoreData.framework */ = {isa = PBXFileReference; lastKnownFileType = wrapper.framework; name = CoreData.framework; path = /System/Library/Frameworks/CoreData.framework; sourceTree = "<absolute>"; };
		1DDD58150DA1D0A300B32029 /* English */ = {isa = PBXFileReference; lastKnownFileType = file.xib; name = English; path = English.lproj/MainMenu.xib; sourceTree = "<group>"; };
		256AC3D80F4B6AC300CF3369 /* CorToolAppDelegate.h */ = {isa = PBXFileReference; fileEncoding = 4; lastKnownFileType = sourcecode.c.h; path = CorToolAppDelegate.h; sourceTree = "<group>"; };
		256AC3D90F4B6AC300CF3369 /* CorToolAppDelegate.m */ = {isa = PBXFileReference; fileEncoding = 4; lastKnownFileType = sourcecode.c.objc; path = CorToolAppDelegate.m; sourceTree = "<group>"; };
		256AC3F00F4B6AF500CF3369 /* CorTool_Prefix.pch */ = {isa = PBXFileReference; fileEncoding = 4; lastKnownFileType = sourcecode.c.h; path = CorTool_Prefix.pch; sourceTree = "<group>"; };
		29B97316FDCFA39411CA2CEA /* main.m */ = {isa = PBXFileReference; fileEncoding = 4; lastKnownFileType = sourcecode.c.objc; path = main.m; sourceTree = "<group>"; };
		29B97324FDCFA39411CA2CEA /* AppKit.framework */ = {isa = PBXFileReference; lastKnownFileType = wrapper.framework; name = AppKit.framework; path = /System/Library/Frameworks/AppKit.framework; sourceTree = "<absolute>"; };
		29B97325FDCFA39411CA2CEA /* Foundation.framework */ = {isa = PBXFileReference; lastKnownFileType = wrapper.framework; name = Foundation.framework; path = /System/Library/Frameworks/Foundation.framework; sourceTree = "<absolute>"; };
		821530E31145D2A3002A43FC /* AppIcon.icns */ = {isa = PBXFileReference; lastKnownFileType = image.icns; path = AppIcon.icns; sourceTree = "<group>"; };
		821530E71145D38C002A43FC /* Add.tiff */ = {isa = PBXFileReference; lastKnownFileType = image.tiff; path = Add.tiff; sourceTree = "<group>"; };
		821530E91145D392002A43FC /* Remove.tiff */ = {isa = PBXFileReference; lastKnownFileType = image.tiff; path = Remove.tiff; sourceTree = "<group>"; };
		821530EB1145D397002A43FC /* reload.tiff */ = {isa = PBXFileReference; lastKnownFileType = image.tiff; path = reload.tiff; sourceTree = "<group>"; };
		821530ED1145D39F002A43FC /* Spotlight.tiff */ = {isa = PBXFileReference; lastKnownFileType = image.tiff; path = Spotlight.tiff; sourceTree = "<group>"; };
		821530EF1145D40E002A43FC /* Sparkle.framework */ = {isa = PBXFileReference; lastKnownFileType = wrapper.framework; path = Sparkle.framework; sourceTree = "<group>"; };
		821530FD1145D4F0002A43FC /* noicon.png */ = {isa = PBXFileReference; lastKnownFileType = image.png; path = noicon.png; sourceTree = "<group>"; };
		821531131145D822002A43FC /* CorController.h */ = {isa = PBXFileReference; fileEncoding = 4; lastKnownFileType = sourcecode.c.h; path = CorController.h; sourceTree = "<group>"; };
		821531141145D822002A43FC /* CorController.m */ = {isa = PBXFileReference; fileEncoding = 4; lastKnownFileType = sourcecode.c.objc; path = CorController.m; sourceTree = "<group>"; };
		8215311F1145D8FB002A43FC /* CorDirectory.h */ = {isa = PBXFileReference; fileEncoding = 4; lastKnownFileType = sourcecode.c.h; path = CorDirectory.h; sourceTree = "<group>"; };
		821531201145D8FB002A43FC /* CorDirectory.m */ = {isa = PBXFileReference; fileEncoding = 4; lastKnownFileType = sourcecode.c.objc; path = CorDirectory.m; sourceTree = "<group>"; };
		8215319C1145F932002A43FC /* CorModScanner.h */ = {isa = PBXFileReference; fileEncoding = 4; lastKnownFileType = sourcecode.c.h; path = CorModScanner.h; sourceTree = "<group>"; };
		8215319D1145F932002A43FC /* CorModScanner.m */ = {isa = PBXFileReference; fileEncoding = 4; lastKnownFileType = sourcecode.c.objc; path = CorModScanner.m; sourceTree = "<group>"; };
		821531A11145F93C002A43FC /* CorModMover.h */ = {isa = PBXFileReference; fileEncoding = 4; lastKnownFileType = sourcecode.c.h; path = CorModMover.h; sourceTree = "<group>"; };
		821531A21145F93C002A43FC /* CorModMover.m */ = {isa = PBXFileReference; fileEncoding = 4; lastKnownFileType = sourcecode.c.objc; path = CorModMover.m; sourceTree = "<group>"; };
		828F994A114ADB2400E86B66 /* dsa_pub.pem */ = {isa = PBXFileReference; fileEncoding = 4; lastKnownFileType = text; path = dsa_pub.pem; sourceTree = "<group>"; };
		8D1107310486CEB800E47090 /* CorTool-Info.plist */ = {isa = PBXFileReference; fileEncoding = 4; lastKnownFileType = text.plist.xml; path = "CorTool-Info.plist"; sourceTree = "<group>"; };
		8D1107320486CEB800E47090 /* CorTool.app */ = {isa = PBXFileReference; explicitFileType = wrapper.application; includeInIndex = 0; path = CorTool.app; sourceTree = BUILT_PRODUCTS_DIR; };
/* End PBXFileReference section */

/* Begin PBXFrameworksBuildPhase section */
		8D11072E0486CEB800E47090 /* Frameworks */ = {
			isa = PBXFrameworksBuildPhase;
			buildActionMask = 2147483647;
			files = (
				8D11072F0486CEB800E47090 /* Cocoa.framework in Frameworks */,
				821530F01145D40E002A43FC /* Sparkle.framework in Frameworks */,
			);
			runOnlyForDeploymentPostprocessing = 0;
		};
/* End PBXFrameworksBuildPhase section */

/* Begin PBXGroup section */
		080E96DDFE201D6D7F000001 /* Classes */ = {
			isa = PBXGroup;
			children = (
				821531A11145F93C002A43FC /* CorModMover.h */,
				821531A21145F93C002A43FC /* CorModMover.m */,
				256AC3D80F4B6AC300CF3369 /* CorToolAppDelegate.h */,
				256AC3D90F4B6AC300CF3369 /* CorToolAppDelegate.m */,
				821531131145D822002A43FC /* CorController.h */,
				821531141145D822002A43FC /* CorController.m */,
				8215311F1145D8FB002A43FC /* CorDirectory.h */,
				821531201145D8FB002A43FC /* CorDirectory.m */,
				8215319C1145F932002A43FC /* CorModScanner.h */,
				8215319D1145F932002A43FC /* CorModScanner.m */,
			);
			name = Classes;
			sourceTree = "<group>";
		};
		1058C7A0FEA54F0111CA2CBB /* Linked Frameworks */ = {
			isa = PBXGroup;
			children = (
				821530EF1145D40E002A43FC /* Sparkle.framework */,
				1058C7A1FEA54F0111CA2CBB /* Cocoa.framework */,
			);
			name = "Linked Frameworks";
			sourceTree = "<group>";
		};
		1058C7A2FEA54F0111CA2CBB /* Other Frameworks */ = {
			isa = PBXGroup;
			children = (
				29B97324FDCFA39411CA2CEA /* AppKit.framework */,
				13E42FB307B3F0F600E4EEF1 /* CoreData.framework */,
				29B97325FDCFA39411CA2CEA /* Foundation.framework */,
			);
			name = "Other Frameworks";
			sourceTree = "<group>";
		};
		19C28FACFE9D520D11CA2CBB /* Products */ = {
			isa = PBXGroup;
			children = (
				8D1107320486CEB800E47090 /* CorTool.app */,
			);
			name = Products;
			sourceTree = "<group>";
		};
		29B97314FDCFA39411CA2CEA /* CorTool */ = {
			isa = PBXGroup;
			children = (
				080E96DDFE201D6D7F000001 /* Classes */,
				29B97315FDCFA39411CA2CEA /* Other Sources */,
				29B97317FDCFA39411CA2CEA /* Resources */,
				29B97323FDCFA39411CA2CEA /* Frameworks */,
				19C28FACFE9D520D11CA2CBB /* Products */,
			);
			name = CorTool;
			sourceTree = "<group>";
		};
		29B97315FDCFA39411CA2CEA /* Other Sources */ = {
			isa = PBXGroup;
			children = (
				256AC3F00F4B6AF500CF3369 /* CorTool_Prefix.pch */,
				29B97316FDCFA39411CA2CEA /* main.m */,
			);
			name = "Other Sources";
			sourceTree = "<group>";
		};
		29B97317FDCFA39411CA2CEA /* Resources */ = {
			isa = PBXGroup;
			children = (
				821530FD1145D4F0002A43FC /* noicon.png */,
				828F994A114ADB2400E86B66 /* dsa_pub.pem */,
				821530ED1145D39F002A43FC /* Spotlight.tiff */,
				821530EB1145D397002A43FC /* reload.tiff */,
				821530E91145D392002A43FC /* Remove.tiff */,
				821530E71145D38C002A43FC /* Add.tiff */,
				821530E31145D2A3002A43FC /* AppIcon.icns */,
				8D1107310486CEB800E47090 /* CorTool-Info.plist */,
				089C165CFE840E0CC02AAC07 /* InfoPlist.strings */,
				1DDD58140DA1D0A300B32029 /* MainMenu.xib */,
			);
			name = Resources;
			sourceTree = "<group>";
		};
		29B97323FDCFA39411CA2CEA /* Frameworks */ = {
			isa = PBXGroup;
			children = (
				1058C7A0FEA54F0111CA2CBB /* Linked Frameworks */,
				1058C7A2FEA54F0111CA2CBB /* Other Frameworks */,
			);
			name = Frameworks;
			sourceTree = "<group>";
		};
/* End PBXGroup section */

/* Begin PBXNativeTarget section */
		8D1107260486CEB800E47090 /* CorTool */ = {
			isa = PBXNativeTarget;
			buildConfigurationList = C01FCF4A08A954540054247B /* Build configuration list for PBXNativeTarget "CorTool" */;
			buildPhases = (
				8D1107290486CEB800E47090 /* Resources */,
				8D11072C0486CEB800E47090 /* Sources */,
				8D11072E0486CEB800E47090 /* Frameworks */,
				821530FC1145D444002A43FC /* CopyFiles */,
			);
			buildRules = (
			);
			dependencies = (
			);
			name = CorTool;
			productInstallPath = "$(HOME)/Applications";
			productName = CorTool;
			productReference = 8D1107320486CEB800E47090 /* CorTool.app */;
			productType = "com.apple.product-type.application";
		};
/* End PBXNativeTarget section */

/* Begin PBXProject section */
		29B97313FDCFA39411CA2CEA /* Project object */ = {
			isa = PBXProject;
			attributes = {
				ORGANIZATIONNAME = "OmniGreat Software Co.";
			};
			buildConfigurationList = C01FCF4E08A954540054247B /* Build configuration list for PBXProject "CorTool" */;
			compatibilityVersion = "Xcode 3.1";
			hasScannedForEncodings = 1;
			mainGroup = 29B97314FDCFA39411CA2CEA /* CorTool */;
			projectDirPath = "";
			projectRoot = "";
			targets = (
				8D1107260486CEB800E47090 /* CorTool */,
			);
		};
/* End PBXProject section */

/* Begin PBXResourcesBuildPhase section */
		8D1107290486CEB800E47090 /* Resources */ = {
			isa = PBXResourcesBuildPhase;
			buildActionMask = 2147483647;
			files = (
				8D11072B0486CEB800E47090 /* InfoPlist.strings in Resources */,
				1DDD58160DA1D0A300B32029 /* MainMenu.xib in Resources */,
				821530E41145D2A3002A43FC /* AppIcon.icns in Resources */,
				821530E81145D38C002A43FC /* Add.tiff in Resources */,
				821530EA1145D392002A43FC /* Remove.tiff in Resources */,
				821530EC1145D397002A43FC /* reload.tiff in Resources */,
				821530EE1145D39F002A43FC /* Spotlight.tiff in Resources */,
				821530FE1145D4F0002A43FC /* noicon.png in Resources */,
				828F994B114ADB2400E86B66 /* dsa_pub.pem in Resources */,
			);
			runOnlyForDeploymentPostprocessing = 0;
		};
/* End PBXResourcesBuildPhase section */

/* Begin PBXSourcesBuildPhase section */
		8D11072C0486CEB800E47090 /* Sources */ = {
			isa = PBXSourcesBuildPhase;
			buildActionMask = 2147483647;
			files = (
				8D11072D0486CEB800E47090 /* main.m in Sources */,
				256AC3DA0F4B6AC300CF3369 /* CorToolAppDelegate.m in Sources */,
				821531151145D822002A43FC /* CorController.m in Sources */,
				821531211145D8FB002A43FC /* CorDirectory.m in Sources */,
				8215319E1145F932002A43FC /* CorModScanner.m in Sources */,
				821531A31145F93C002A43FC /* CorModMover.m in Sources */,
			);
			runOnlyForDeploymentPostprocessing = 0;
		};
/* End PBXSourcesBuildPhase section */

/* Begin PBXVariantGroup section */
		089C165CFE840E0CC02AAC07 /* InfoPlist.strings */ = {
			isa = PBXVariantGroup;
			children = (
				089C165DFE840E0CC02AAC07 /* English */,
			);
			name = InfoPlist.strings;
			sourceTree = "<group>";
		};
		1DDD58140DA1D0A300B32029 /* MainMenu.xib */ = {
			isa = PBXVariantGroup;
			children = (
				1DDD58150DA1D0A300B32029 /* English */,
			);
			name = MainMenu.xib;
			sourceTree = "<group>";
		};
/* End PBXVariantGroup section */

/* Begin XCBuildConfiguration section */
		C01FCF4B08A954540054247B /* Debug */ = {
			isa = XCBuildConfiguration;
			buildSettings = {
				ALWAYS_SEARCH_USER_PATHS = NO;
				COPY_PHASE_STRIP = NO;
				FRAMEWORK_SEARCH_PATHS = (
					"$(inherited)",
					"\"$(SRCROOT)\"",
				);
				GCC_DYNAMIC_NO_PIC = NO;
				GCC_ENABLE_FIX_AND_CONTINUE = YES;
				GCC_MODEL_TUNING = G5;
				GCC_OPTIMIZATION_LEVEL = 0;
				GCC_PRECOMPILE_PREFIX_HEADER = YES;
				GCC_PREFIX_HEADER = CorTool_Prefix.pch;
				INFOPLIST_FILE = "CorTool-Info.plist";
				INSTALL_PATH = "$(HOME)/Applications";
				PRODUCT_NAME = CorTool;
			};
			name = Debug;
		};
		C01FCF4C08A954540054247B /* Release */ = {
			isa = XCBuildConfiguration;
			buildSettings = {
				ALWAYS_SEARCH_USER_PATHS = NO;
				DEBUG_INFORMATION_FORMAT = "dwarf-with-dsym";
				FRAMEWORK_SEARCH_PATHS = (
					"$(inherited)",
					"\"$(SRCROOT)\"",
				);
				GCC_MODEL_TUNING = G5;
				GCC_PRECOMPILE_PREFIX_HEADER = YES;
				GCC_PREFIX_HEADER = CorTool_Prefix.pch;
				INFOPLIST_FILE = "CorTool-Info.plist";
				INSTALL_PATH = "$(HOME)/Applications";
				PRODUCT_NAME = CorTool;
			};
			name = Release;
		};
		C01FCF4F08A954540054247B /* Debug */ = {
			isa = XCBuildConfiguration;
			buildSettings = {
				ARCHS = "$(ARCHS_STANDARD_32_64_BIT)";
				GCC_C_LANGUAGE_STANDARD = gnu99;
				GCC_OPTIMIZATION_LEVEL = 0;
				GCC_WARN_ABOUT_RETURN_TYPE = YES;
				GCC_WARN_UNUSED_VARIABLE = YES;
				MACOSX_DEPLOYMENT_TARGET = 10.5;
				ONLY_ACTIVE_ARCH = YES;
				PREBINDING = NO;
				SDKROOT = macosx10.6;
			};
			name = Debug;
		};
		C01FCF5008A954540054247B /* Release */ = {
			isa = XCBuildConfiguration;
			buildSettings = {
				ARCHS = "$(ARCHS_STANDARD_32_64_BIT)";
				GCC_C_LANGUAGE_STANDARD = gnu99;
				GCC_WARN_ABOUT_RETURN_TYPE = YES;
				GCC_WARN_UNUSED_VARIABLE = YES;
				MACOSX_DEPLOYMENT_TARGET = 10.5;
				PREBINDING = NO;
				SDKROOT = macosx10.6;
			};
			name = Release;
		};
/* End XCBuildConfiguration section */

/* Begin XCConfigurationList section */
		C01FCF4A08A954540054247B /* Build configuration list for PBXNativeTarget "CorTool" */ = {
			isa = XCConfigurationList;
			buildConfigurations = (
				C01FCF4B08A954540054247B /* Debug */,
				C01FCF4C08A954540054247B /* Release */,
			);
			defaultConfigurationIsVisible = 0;
			defaultConfigurationName = Release;
		};
		C01FCF4E08A954540054247B /* Build configuration list for PBXProject "CorTool" */ = {
			isa = XCConfigurationList;
			buildConfigurations = (
				C01FCF4F08A954540054247B /* Debug */,
				C01FCF5008A954540054247B /* Release */,
			);
			defaultConfigurationIsVisible = 0;
			defaultConfigurationName = Release;
		};
/* End XCConfigurationList section */
	};
	rootObject = 29B97313FDCFA39411CA2CEA /* Project object */;
}
